
Microsoft Visual Studio Solution File, Format Version 12.00
# Visual Studio Version 17
VisualStudioVersion = 17.6.33829.357
MinimumVisualStudioVersion = 10.0.40219.1
Project("{FAE04EC0-301F-11D3-BF4B-00C04F79EFBC}") = "ASP", "ASP.csproj", "{2A8F59FC-1FD3-4232-9AB2-C0B1EBBF0DDD}"
EndProject
Global
	GlobalSection(SolutionConfigurationPlatforms) = preSolution
		Debug|Any CPU = Debug|Any CPU
		Release|Any CPU = Release|Any CPU
	EndGlobalSection
	GlobalSection(ProjectConfigurationPlatforms) = postSolution
		{2A8F59FC-1FD3-4232-9AB2-C0B1EBBF0DDD}.Debug|Any CPU.ActiveCfg = Debug|Any CPU
		{2A8F59FC-1FD3-4232-9AB2-C0B1EBBF0DDD}.Debug|Any CPU.Build.0 = Debug|Any CPU
		{2A8F59FC-1FD3-4232-9AB2-C0B1EBBF0DDD}.Release|Any CPU.ActiveCfg = Release|Any CPU
		{2A8F59FC-1FD3-4232-9AB2-C0B1EBBF0DDD}.Release|Any CPU.Build.0 = Release|Any CPU
	EndGlobalSection
	GlobalSection(SolutionProperties) = preSolution
		HideSolutionNode = FALSE
	EndGlobalSection
	GlobalSection(ExtensibilityGlobals) = postSolution
		SolutionGuid = {D029FC9D-0D2F-4AA7-BA00-824CAE57C23E}
	EndGlobalSection
EndGlobal
